
Microsoft Visual Studio Solution File, Format Version 12.00
# Visual Studio Version 17
VisualStudioVersion = 17.12.35527.113 d17.12
MinimumVisualStudioVersion = 10.0.40219.1
Project("{6989167D-11E4-40FE-8C1A-2192A86A7E90}") = "test", "test\test.vfproj", "{4B5B512B-35A7-4880-9088-11E48F661CDA}"
EndProject
Global
	GlobalSection(SolutionConfigurationPlatforms) = preSolution
		Debug|x64 = Debug|x64
		Debug|x86 = Debug|x86
		Release|x64 = Release|x64
		Release|x86 = Release|x86
	EndGlobalSection
	GlobalSection(ProjectConfigurationPlatforms) = postSolution
		{4B5B512B-35A7-4880-9088-11E48F661CDA}.Debug|x64.ActiveCfg = Debug|x64
		{4B5B512B-35A7-4880-9088-11E48F661CDA}.Debug|x64.Build.0 = Debug|x64
		{4B5B512B-35A7-4880-9088-11E48F661CDA}.Debug|x86.ActiveCfg = Debug|Win32
		{4B5B512B-35A7-4880-9088-11E48F661CDA}.Debug|x86.Build.0 = Debug|Win32
		{4B5B512B-35A7-4880-9088-11E48F661CDA}.Release|x64.ActiveCfg = Release|x64
		{4B5B512B-35A7-4880-9088-11E48F661CDA}.Release|x64.Build.0 = Release|x64
		{4B5B512B-35A7-4880-9088-11E48F661CDA}.Release|x86.ActiveCfg = Release|Win32
		{4B5B512B-35A7-4880-9088-11E48F661CDA}.Release|x86.Build.0 = Release|Win32
	EndGlobalSection
	GlobalSection(SolutionProperties) = preSolution
		HideSolutionNode = FALSE
	EndGlobalSection
EndGlobal
